// !$*UTF8*$!
{
	archiveVersion = 1;
	classes = {
	};
	objectVersion = 50;
	objects = {

/* Begin PBXBuildFile section */
		8474D96525EEAFC500D35D4E /* AppDelegate.swift in Sources */ = {isa = PBXBuildFile; fileRef = 8474D96425EEAFC500D35D4E /* AppDelegate.swift */; };
		8474D96725EEAFC500D35D4E /* SceneDelegate.swift in Sources */ = {isa = PBXBuildFile; fileRef = 8474D96625EEAFC500D35D4E /* SceneDelegate.swift */; };
		8474D96925EEAFC500D35D4E /* ViewController.swift in Sources */ = {isa = PBXBuildFile; fileRef = 8474D96825EEAFC500D35D4E /* ViewController.swift */; };
		8474D96C25EEAFC500D35D4E /* Main.storyboard in Resources */ = {isa = PBXBuildFile; fileRef = 8474D96A25EEAFC500D35D4E /* Main.storyboard */; };
		8474D96E25EEAFC600D35D4E /* Assets.xcassets in Resources */ = {isa = PBXBuildFile; fileRef = 8474D96D25EEAFC600D35D4E /* Assets.xcassets */; };
		8474D97125EEAFC600D35D4E /* LaunchScreen.storyboard in Resources */ = {isa = PBXBuildFile; fileRef = 8474D96F25EEAFC600D35D4E /* LaunchScreen.storyboard */; };
		8474D97A25EEC1D500D35D4E /* MoviesManager.swift in Sources */ = {isa = PBXBuildFile; fileRef = 8474D97925EEC1D500D35D4E /* MoviesManager.swift */; };
		8474D98925F01BC600D35D4E /* TabbarController.swift in Sources */ = {isa = PBXBuildFile; fileRef = 8474D98825F01BC600D35D4E /* TabbarController.swift */; };
/* End PBXBuildFile section */

/* Begin PBXFileReference section */
		8474D96125EEAFC500D35D4E /* MovieList-iOS.app */ = {isa = PBXFileReference; explicitFileType = wrapper.application; includeInIndex = 0; path = "MovieList-iOS.app"; sourceTree = BUILT_PRODUCTS_DIR; };
		8474D96425EEAFC500D35D4E /* AppDelegate.swift */ = {isa = PBXFileReference; lastKnownFileType = sourcecode.swift; path = AppDelegate.swift; sourceTree = "<group>"; };
		8474D96625EEAFC500D35D4E /* SceneDelegate.swift */ = {isa = PBXFileReference; lastKnownFileType = sourcecode.swift; path = SceneDelegate.swift; sourceTree = "<group>"; };
		8474D96825EEAFC500D35D4E /* ViewController.swift */ = {isa = PBXFileReference; lastKnownFileType = sourcecode.swift; path = ViewController.swift; sourceTree = "<group>"; };
		8474D96B25EEAFC500D35D4E /* Base */ = {isa = PBXFileReference; lastKnownFileType = file.storyboard; name = Base; path = Base.lproj/Main.storyboard; sourceTree = "<group>"; };
		8474D96D25EEAFC600D35D4E /* Assets.xcassets */ = {isa = PBXFileReference; lastKnownFileType = folder.assetcatalog; path = Assets.xcassets; sourceTree = "<group>"; };
		8474D97025EEAFC600D35D4E /* Base */ = {isa = PBXFileReference; lastKnownFileType = file.storyboard; name = Base; path = Base.lproj/LaunchScreen.storyboard; sourceTree = "<group>"; };
		8474D97225EEAFC600D35D4E /* Info.plist */ = {isa = PBXFileReference; lastKnownFileType = text.plist.xml; path = Info.plist; sourceTree = "<group>"; };
		8474D97925EEC1D500D35D4E /* MoviesManager.swift */ = {isa = PBXFileReference; lastKnownFileType = sourcecode.swift; path = MoviesManager.swift; sourceTree = "<group>"; };
		8474D98825F01BC600D35D4E /* TabbarController.swift */ = {isa = PBXFileReference; lastKnownFileType = sourcecode.swift; path = TabbarController.swift; sourceTree = "<group>"; };
/* End PBXFileReference section */

/* Begin PBXFrameworksBuildPhase section */
		8474D95E25EEAFC500D35D4E /* Frameworks */ = {
			isa = PBXFrameworksBuildPhase;
			buildActionMask = 2147483647;
			files = (
			);
			runOnlyForDeploymentPostprocessing = 0;
		};
/* End PBXFrameworksBuildPhase section */

/* Begin PBXGroup section */
		8474D95825EEAFC500D35D4E = {
			isa = PBXGroup;
			children = (
				8474D96325EEAFC500D35D4E /* MovieList-iOS */,
				8474D96225EEAFC500D35D4E /* Products */,
			);
			sourceTree = "<group>";
		};
		8474D96225EEAFC500D35D4E /* Products */ = {
			isa = PBXGroup;
			children = (
				8474D96125EEAFC500D35D4E /* MovieList-iOS.app */,
			);
			name = Products;
			sourceTree = "<group>";
		};
		8474D96325EEAFC500D35D4E /* MovieList-iOS */ = {
			isa = PBXGroup;
			children = (
				8474D98725F01B9900D35D4E /* Controller */,
				8474D96425EEAFC500D35D4E /* AppDelegate.swift */,
				8474D96625EEAFC500D35D4E /* SceneDelegate.swift */,
				8474D96A25EEAFC500D35D4E /* Main.storyboard */,
				8474D96D25EEAFC600D35D4E /* Assets.xcassets */,
				8474D96F25EEAFC600D35D4E /* LaunchScreen.storyboard */,
				8474D97225EEAFC600D35D4E /* Info.plist */,
				8474D97925EEC1D500D35D4E /* MoviesManager.swift */,
			);
			path = "MovieList-iOS";
			sourceTree = "<group>";
		};
		8474D98725F01B9900D35D4E /* Controller */ = {
			isa = PBXGroup;
			children = (
				8474D96825EEAFC500D35D4E /* ViewController.swift */,
				8474D98825F01BC600D35D4E /* TabbarController.swift */,
			);
			path = Controller;
			sourceTree = "<group>";
		};
/* End PBXGroup section */

/* Begin PBXNativeTarget section */
		8474D96025EEAFC500D35D4E /* MovieList-iOS */ = {
			isa = PBXNativeTarget;
			buildConfigurationList = 8474D97525EEAFC600D35D4E /* Build configuration list for PBXNativeTarget "MovieList-iOS" */;
			buildPhases = (
				8474D95D25EEAFC500D35D4E /* Sources */,
				8474D95E25EEAFC500D35D4E /* Frameworks */,
				8474D95F25EEAFC500D35D4E /* Resources */,
			);
			buildRules = (
			);
			dependencies = (
			);
			name = "MovieList-iOS";
			productName = "MovieList-iOS";
			productReference = 8474D96125EEAFC500D35D4E /* MovieList-iOS.app */;
			productType = "com.apple.product-type.application";
		};
/* End PBXNativeTarget section */

/* Begin PBXProject section */
		8474D95925EEAFC500D35D4E /* Project object */ = {
			isa = PBXProject;
			attributes = {
				LastSwiftUpdateCheck = 1240;
				LastUpgradeCheck = 1240;
				TargetAttributes = {
					8474D96025EEAFC500D35D4E = {
						CreatedOnToolsVersion = 12.4;
					};
				};
			};
			buildConfigurationList = 8474D95C25EEAFC500D35D4E /* Build configuration list for PBXProject "MovieList-iOS" */;
			compatibilityVersion = "Xcode 9.3";
			developmentRegion = en;
			hasScannedForEncodings = 0;
			knownRegions = (
				en,
				Base,
			);
			mainGroup = 8474D95825EEAFC500D35D4E;
			productRefGroup = 8474D96225EEAFC500D35D4E /* Products */;
			projectDirPath = "";
			projectRoot = "";
			targets = (
				8474D96025EEAFC500D35D4E /* MovieList-iOS */,
			);
		};
/* End PBXProject section */

/* Begin PBXResourcesBuildPhase section */
		8474D95F25EEAFC500D35D4E /* Resources */ = {
			isa = PBXResourcesBuildPhase;
			buildActionMask = 2147483647;
			files = (
				8474D97125EEAFC600D35D4E /* LaunchScreen.storyboard in Resources */,
				8474D96E25EEAFC600D35D4E /* Assets.xcassets in Resources */,
				8474D96C25EEAFC500D35D4E /* Main.storyboard in Resources */,
			);
			runOnlyForDeploymentPostprocessing = 0;
		};
/* End PBXResourcesBuildPhase section */

/* Begin PBXSourcesBuildPhase section */
		8474D95D25EEAFC500D35D4E /* Sources */ = {
			isa = PBXSourcesBuildPhase;
			buildActionMask = 2147483647;
			files = (
				8474D97A25EEC1D500D35D4E /* MoviesManager.swift in Sources */,
				8474D96925EEAFC500D35D4E /* ViewController.swift in Sources */,
				8474D96525EEAFC500D35D4E /* AppDelegate.swift in Sources */,
				8474D98925F01BC600D35D4E /* TabbarController.swift in Sources */,
				8474D96725EEAFC500D35D4E /* SceneDelegate.swift in Sources */,
			);
			runOnlyForDeploymentPostprocessing = 0;
		};
/* End PBXSourcesBuildPhase section */

/* Begin PBXVariantGroup section */
		8474D96A25EEAFC500D35D4E /* Main.storyboard */ = {
			isa = PBXVariantGroup;
			children = (
				8474D96B25EEAFC500D35D4E /* Base */,
			);
			name = Main.storyboard;
			sourceTree = "<group>";
		};
		8474D96F25EEAFC600D35D4E /* LaunchScreen.storyboard */ = {
			isa = PBXVariantGroup;
			children = (
				8474D97025EEAFC600D35D4E /* Base */,
			);
			name = LaunchScreen.storyboard;
			sourceTree = "<group>";
		};
/* End PBXVariantGroup section */

/* Begin XCBuildConfiguration section */
		8474D97325EEAFC600D35D4E /* Debug */ = {
			isa = XCBuildConfiguration;
			buildSettings = {
				ALWAYS_SEARCH_USER_PATHS = NO;
				CLANG_ANALYZER_NONNULL = YES;
				CLANG_ANALYZER_NUMBER_OBJECT_CONVERSION = YES_AGGRESSIVE;
				CLANG_CXX_LANGUAGE_STANDARD = "gnu++14";
				CLANG_CXX_LIBRARY = "libc++";
				CLANG_ENABLE_MODULES = YES;
				CLANG_ENABLE_OBJC_ARC = YES;
				CLANG_ENABLE_OBJC_WEAK = YES;
				CLANG_WARN_BLOCK_CAPTURE_AUTORELEASING = YES;
				CLANG_WARN_BOOL_CONVERSION = YES;
				CLANG_WARN_COMMA = YES;
				CLANG_WARN_CONSTANT_CONVERSION = YES;
				CLANG_WARN_DEPRECATED_OBJC_IMPLEMENTATIONS = YES;
				CLANG_WARN_DIRECT_OBJC_ISA_USAGE = YES_ERROR;
				CLANG_WARN_DOCUMENTATION_COMMENTS = YES;
				CLANG_WARN_EMPTY_BODY = YES;
				CLANG_WARN_ENUM_CONVERSION = YES;
				CLANG_WARN_INFINITE_RECURSION = YES;
				CLANG_WARN_INT_CONVERSION = YES;
				CLANG_WARN_NON_LITERAL_NULL_CONVERSION = YES;
				CLANG_WARN_OBJC_IMPLICIT_RETAIN_SELF = YES;
				CLANG_WARN_OBJC_LITERAL_CONVERSION = YES;
				CLANG_WARN_OBJC_ROOT_CLASS = YES_ERROR;
				CLANG_WARN_QUOTED_INCLUDE_IN_FRAMEWORK_HEADER = YES;
				CLANG_WARN_RANGE_LOOP_ANALYSIS = YES;
				CLANG_WARN_STRICT_PROTOTYPES = YES;
				CLANG_WARN_SUSPICIOUS_MOVE = YES;
				CLANG_WARN_UNGUARDED_AVAILABILITY = YES_AGGRESSIVE;
				CLANG_WARN_UNREACHABLE_CODE = YES;
				CLANG_WARN__DUPLICATE_METHOD_MATCH = YES;
				COPY_PHASE_STRIP = NO;
				DEBUG_INFORMATION_FORMAT = dwarf;
				ENABLE_STRICT_OBJC_MSGSEND = YES;
				ENABLE_TESTABILITY = YES;
				GCC_C_LANGUAGE_STANDARD = gnu11;
				GCC_DYNAMIC_NO_PIC = NO;
				GCC_NO_COMMON_BLOCKS = YES;
				GCC_OPTIMIZATION_LEVEL = 0;
				GCC_PREPROCESSOR_DEFINITIONS = (
					"DEBUG=1",
					"$(inherited)",
				);
				GCC_WARN_64_TO_32_BIT_CONVERSION = YES;
				GCC_WARN_ABOUT_RETURN_TYPE = YES_ERROR;
				GCC_WARN_UNDECLARED_SELECTOR = YES;
				GCC_WARN_UNINITIALIZED_AUTOS = YES_AGGRESSIVE;
				GCC_WARN_UNUSED_FUNCTION = YES;
				GCC_WARN_UNUSED_VARIABLE = YES;
				IPHONEOS_DEPLOYMENT_TARGET = 14.4;
				MTL_ENABLE_DEBUG_INFO = INCLUDE_SOURCE;
				MTL_FAST_MATH = YES;
				ONLY_ACTIVE_ARCH = YES;
				SDKROOT = iphoneos;
				SWIFT_ACTIVE_COMPILATION_CONDITIONS = DEBUG;
				SWIFT_OPTIMIZATION_LEVEL = "-Onone";
			};
			name = Debug;
		};
		8474D97425EEAFC600D35D4E /* Release */ = {
			isa = XCBuildConfiguration;
			buildSettings = {
				ALWAYS_SEARCH_USER_PATHS = NO;
				CLANG_ANALYZER_NONNULL = YES;
				CLANG_ANALYZER_NUMBER_OBJECT_CONVERSION = YES_AGGRESSIVE;
				CLANG_CXX_LANGUAGE_STANDARD = "gnu++14";
				CLANG_CXX_LIBRARY = "libc++";
				CLANG_ENABLE_MODULES = YES;
				CLANG_ENABLE_OBJC_ARC = YES;
				CLANG_ENABLE_OBJC_WEAK = YES;
				CLANG_WARN_BLOCK_CAPTURE_AUTORELEASING = YES;
				CLANG_WARN_BOOL_CONVERSION = YES;
				CLANG_WARN_COMMA = YES;
				CLANG_WARN_CONSTANT_CONVERSION = YES;
				CLANG_WARN_DEPRECATED_OBJC_IMPLEMENTATIONS = YES;
				CLANG_WARN_DIRECT_OBJC_ISA_USAGE = YES_ERROR;
				CLANG_WARN_DOCUMENTATION_COMMENTS = YES;
				CLANG_WARN_EMPTY_BODY = YES;
				CLANG_WARN_ENUM_CONVERSION = YES;
				CLANG_WARN_INFINITE_RECURSION = YES;
				CLANG_WARN_INT_CONVERSION = YES;
				CLANG_WARN_NON_LITERAL_NULL_CONVERSION = YES;
				CLANG_WARN_OBJC_IMPLICIT_RETAIN_SELF = YES;
				CLANG_WARN_OBJC_LITERAL_CONVERSION = YES;
				CLANG_WARN_OBJC_ROOT_CLASS = YES_ERROR;
				CLANG_WARN_QUOTED_INCLUDE_IN_FRAMEWORK_HEADER = YES;
				CLANG_WARN_RANGE_LOOP_ANALYSIS = YES;
				CLANG_WARN_STRICT_PROTOTYPES = YES;
				CLANG_WARN_SUSPICIOUS_MOVE = YES;
				CLANG_WARN_UNGUARDED_AVAILABILITY = YES_AGGRESSIVE;
				CLANG_WARN_UNREACHABLE_CODE = YES;
				CLANG_WARN__DUPLICATE_METHOD_MATCH = YES;
				COPY_PHASE_STRIP = NO;
				DEBUG_INFORMATION_FORMAT = "dwarf-with-dsym";
				ENABLE_NS_ASSERTIONS = NO;
				ENABLE_STRICT_OBJC_MSGSEND = YES;
				GCC_C_LANGUAGE_STANDARD = gnu11;
				GCC_NO_COMMON_BLOCKS = YES;
				GCC_WARN_64_TO_32_BIT_CONVERSION = YES;
				GCC_WARN_ABOUT_RETURN_TYPE = YES_ERROR;
				GCC_WARN_UNDECLARED_SELECTOR = YES;
				GCC_WARN_UNINITIALIZED_AUTOS = YES_AGGRESSIVE;
				GCC_WARN_UNUSED_FUNCTION = YES;
				GCC_WARN_UNUSED_VARIABLE = YES;
				IPHONEOS_DEPLOYMENT_TARGET = 14.4;
				MTL_ENABLE_DEBUG_INFO = NO;
				MTL_FAST_MATH = YES;
				SDKROOT = iphoneos;
				SWIFT_COMPILATION_MODE = wholemodule;
				SWIFT_OPTIMIZATION_LEVEL = "-O";
				VALIDATE_PRODUCT = YES;
			};
			name = Release;
		};
		8474D97625EEAFC600D35D4E /* Debug */ = {
			isa = XCBuildConfiguration;
			buildSettings = {
				ASSETCATALOG_COMPILER_APPICON_NAME = AppIcon;
				ASSETCATALOG_COMPILER_GLOBAL_ACCENT_COLOR_NAME = AccentColor;
				CODE_SIGN_STYLE = Automatic;
				DEVELOPMENT_TEAM = 74N7VYACJV;
				INFOPLIST_FILE = "MovieList-iOS/Info.plist";
				LD_RUNPATH_SEARCH_PATHS = (
					"$(inherited)",
					"@executable_path/Frameworks",
				);
				PRODUCT_BUNDLE_IDENTIFIER = "jbliisboaProgram.MovieList-iOS";
				PRODUCT_NAME = "$(TARGET_NAME)";
				SWIFT_VERSION = 5.0;
				TARGETED_DEVICE_FAMILY = "1,2";
			};
			name = Debug;
		};
		8474D97725EEAFC600D35D4E /* Release */ = {
			isa = XCBuildConfiguration;
			buildSettings = {
				ASSETCATALOG_COMPILER_APPICON_NAME = AppIcon;
				ASSETCATALOG_COMPILER_GLOBAL_ACCENT_COLOR_NAME = AccentColor;
				CODE_SIGN_STYLE = Automatic;
				DEVELOPMENT_TEAM = 74N7VYACJV;
				INFOPLIST_FILE = "MovieList-iOS/Info.plist";
				LD_RUNPATH_SEARCH_PATHS = (
					"$(inherited)",
					"@executable_path/Frameworks",
				);
				PRODUCT_BUNDLE_IDENTIFIER = "jbliisboaProgram.MovieList-iOS";
				PRODUCT_NAME = "$(TARGET_NAME)";
				SWIFT_VERSION = 5.0;
				TARGETED_DEVICE_FAMILY = "1,2";
			};
			name = Release;
		};
/* End XCBuildConfiguration section */

/* Begin XCConfigurationList section */
		8474D95C25EEAFC500D35D4E /* Build configuration list for PBXProject "MovieList-iOS" */ = {
			isa = XCConfigurationList;
			buildConfigurations = (
				8474D97325EEAFC600D35D4E /* Debug */,
				8474D97425EEAFC600D35D4E /* Release */,
			);
			defaultConfigurationIsVisible = 0;
			defaultConfigurationName = Release;
		};
		8474D97525EEAFC600D35D4E /* Build configuration list for PBXNativeTarget "MovieList-iOS" */ = {
			isa = XCConfigurationList;
			buildConfigurations = (
				8474D97625EEAFC600D35D4E /* Debug */,
				8474D97725EEAFC600D35D4E /* Release */,
			);
			defaultConfigurationIsVisible = 0;
			defaultConfigurationName = Release;
		};
/* End XCConfigurationList section */
	};
	rootObject = 8474D95925EEAFC500D35D4E /* Project object */;
}
